
Microsoft Visual Studio Solution File, Format Version 12.00
# Visual Studio Version 17
VisualStudioVersion = 17.9.34622.214
MinimumVisualStudioVersion = 10.0.40219.1
Project("{FAE04EC0-301F-11D3-BF4B-00C04F79EFBC}") = "UnitTestProject", "..\UnitTestProject\UnitTestProject.csproj", "{5B9AC9EA-E3E4-4A27-B59F-5E6AB00805DF}"
EndProject
Project("{FAE04EC0-301F-11D3-BF4B-00C04F79EFBC}") = "MobileApp", "..\MobileApp\MobileApp.csproj", "{536C1A13-D42B-43AA-9556-0FCFF627745E}"
EndProject
Global
	GlobalSection(SolutionConfigurationPlatforms) = preSolution
		Debug|Any CPU = Debug|Any CPU
		Release|Any CPU = Release|Any CPU
	EndGlobalSection
	GlobalSection(ProjectConfigurationPlatforms) = postSolution
		{5B9AC9EA-E3E4-4A27-B59F-5E6AB00805DF}.Debug|Any CPU.ActiveCfg = Debug|Any CPU
		{5B9AC9EA-E3E4-4A27-B59F-5E6AB00805DF}.Debug|Any CPU.Build.0 = Debug|Any CPU
		{5B9AC9EA-E3E4-4A27-B59F-5E6AB00805DF}.Release|Any CPU.ActiveCfg = Release|Any CPU
		{5B9AC9EA-E3E4-4A27-B59F-5E6AB00805DF}.Release|Any CPU.Build.0 = Release|Any CPU
		{536C1A13-D42B-43AA-9556-0FCFF627745E}.Debug|Any CPU.ActiveCfg = Debug|Any CPU
		{536C1A13-D42B-43AA-9556-0FCFF627745E}.Debug|Any CPU.Build.0 = Debug|Any CPU
		{536C1A13-D42B-43AA-9556-0FCFF627745E}.Debug|Any CPU.Deploy.0 = Debug|Any CPU
		{536C1A13-D42B-43AA-9556-0FCFF627745E}.Release|Any CPU.ActiveCfg = Release|Any CPU
		{536C1A13-D42B-43AA-9556-0FCFF627745E}.Release|Any CPU.Build.0 = Release|Any CPU
		{536C1A13-D42B-43AA-9556-0FCFF627745E}.Release|Any CPU.Deploy.0 = Release|Any CPU
	EndGlobalSection
	GlobalSection(SolutionProperties) = preSolution
		HideSolutionNode = FALSE
	EndGlobalSection
	GlobalSection(ExtensibilityGlobals) = postSolution
		SolutionGuid = {00BED7D7-8A47-4C5E-841B-DB3887FFA327}
	EndGlobalSection
EndGlobal
