{
  "version": 4,
  "terraform_version": "1.7.5",
  "serial": 9,
  "lineage": "e80438e4-6699-8486-2c58-2fb26a39e1b5",
  "outputs": {
    "sa_terraform_access_key": {
      "value": "YCAJEKN8w_-NbN8Z4g3Ng0sAx",
      "type": "string"
    },
    "sa_terraform_secret_key": {
      "value": "YCOQv7C6mlSDMfh7ds9JduOpJjy_BKLJFsxp2I2A",
      "type": "string",
      "sensitive": true
    }
  },
  "resources": [
    {
      "mode": "managed",
      "type": "yandex_iam_service_account",
      "name": "sa",
      "provider": "provider[\"registry.terraform.io/yandex-cloud/yandex\"]",
      "instances": [
        {
          "schema_version": 0,
          "attributes": {
            "created_at": "2024-03-22T21:53:51Z",
            "description": "",
            "folder_id": "b1g4kn2sf0lbhnjnl99p",
            "id": "ajeijnt7v1mhk4uup0v7",
            "name": "club58-mobile-app-sa-account",
            "timeouts": null
          },
          "sensitive_attributes": [],
          "private": "eyJlMmJmYjczMC1lY2FhLTExZTYtOGY4OC0zNDM2M2JjN2M0YzAiOnsiY3JlYXRlIjo2MDAwMDAwMDAwMCwiZGVsZXRlIjo2MDAwMDAwMDAwMCwidXBkYXRlIjo2MDAwMDAwMDAwMH19"
        }
      ]
    },
    {
      "mode": "managed",
      "type": "yandex_iam_service_account_static_access_key",
      "name": "sa-terraform-key",
      "provider": "provider[\"registry.terraform.io/yandex-cloud/yandex\"]",
      "instances": [
        {
          "schema_version": 0,
          "attributes": {
            "access_key": "YCAJEKN8w_-NbN8Z4g3Ng0sAx",
            "created_at": "2024-03-22T21:53:53Z",
            "description": "static access key for object storage",
            "encrypted_secret_key": null,
            "id": "ajete7s9sphke85nht1s",
            "key_fingerprint": null,
            "pgp_key": null,
            "secret_key": "YCOQv7C6mlSDMfh7ds9JduOpJjy_BKLJFsxp2I2A",
            "service_account_id": "ajeijnt7v1mhk4uup0v7"
          },
          "sensitive_attributes": [],
          "private": "bnVsbA==",
          "dependencies": [
            "yandex_iam_service_account.sa"
          ]
        }
      ]
    },
    {
      "mode": "managed",
      "type": "yandex_resourcemanager_folder_iam_member",
      "name": "sa-admin",
      "provider": "provider[\"registry.terraform.io/yandex-cloud/yandex\"]",
      "instances": [
        {
          "schema_version": 0,
          "attributes": {
            "folder_id": "b1g4kn2sf0lbhnjnl99p",
            "id": "b1g4kn2sf0lbhnjnl99p/admin/serviceAccount:ajeijnt7v1mhk4uup0v7",
            "member": "serviceAccount:ajeijnt7v1mhk4uup0v7",
            "role": "admin",
            "sleep_after": null,
            "timeouts": null
          },
          "sensitive_attributes": [],
          "private": "eyJlMmJmYjczMC1lY2FhLTExZTYtOGY4OC0zNDM2M2JjN2M0YzAiOnsiY3JlYXRlIjo2MDAwMDAwMDAwMCwiZGVmYXVsdCI6NjAwMDAwMDAwMDAsImRlbGV0ZSI6NjAwMDAwMDAwMDAsInJlYWQiOjYwMDAwMDAwMDAwLCJ1cGRhdGUiOjYwMDAwMDAwMDAwfX0=",
          "dependencies": [
            "yandex_iam_service_account.sa"
          ]
        }
      ]
    },
    {
      "mode": "managed",
      "type": "yandex_resourcemanager_folder_iam_member",
      "name": "sa-storage-editor",
      "provider": "provider[\"registry.terraform.io/yandex-cloud/yandex\"]",
      "instances": [
        {
          "schema_version": 0,
          "attributes": {
            "folder_id": "b1g4kn2sf0lbhnjnl99p",
            "id": "b1g4kn2sf0lbhnjnl99p/storage.editor/serviceAccount:ajeijnt7v1mhk4uup0v7",
            "member": "serviceAccount:ajeijnt7v1mhk4uup0v7",
            "role": "storage.editor",
            "sleep_after": null,
            "timeouts": null
          },
          "sensitive_attributes": [],
          "private": "eyJlMmJmYjczMC1lY2FhLTExZTYtOGY4OC0zNDM2M2JjN2M0YzAiOnsiY3JlYXRlIjo2MDAwMDAwMDAwMCwiZGVmYXVsdCI6NjAwMDAwMDAwMDAsImRlbGV0ZSI6NjAwMDAwMDAwMDAsInJlYWQiOjYwMDAwMDAwMDAwLCJ1cGRhdGUiOjYwMDAwMDAwMDAwfX0=",
          "dependencies": [
            "yandex_iam_service_account.sa"
          ]
        }
      ]
    },
    {
      "mode": "managed",
      "type": "yandex_resourcemanager_folder_iam_member",
      "name": "sa-storage-uploader",
      "provider": "provider[\"registry.terraform.io/yandex-cloud/yandex\"]",
      "instances": [
        {
          "schema_version": 0,
          "attributes": {
            "folder_id": "b1g4kn2sf0lbhnjnl99p",
            "id": "b1g4kn2sf0lbhnjnl99p/storage.uploader/serviceAccount:ajeijnt7v1mhk4uup0v7",
            "member": "serviceAccount:ajeijnt7v1mhk4uup0v7",
            "role": "storage.uploader",
            "sleep_after": null,
            "timeouts": null
          },
          "sensitive_attributes": [],
          "private": "eyJlMmJmYjczMC1lY2FhLTExZTYtOGY4OC0zNDM2M2JjN2M0YzAiOnsiY3JlYXRlIjo2MDAwMDAwMDAwMCwiZGVmYXVsdCI6NjAwMDAwMDAwMDAsImRlbGV0ZSI6NjAwMDAwMDAwMDAsInJlYWQiOjYwMDAwMDAwMDAwLCJ1cGRhdGUiOjYwMDAwMDAwMDAwfX0=",
          "dependencies": [
            "yandex_iam_service_account.sa"
          ]
        }
      ]
    },
    {
      "mode": "managed",
      "type": "yandex_resourcemanager_folder_iam_member",
      "name": "sa-storage-viewer",
      "provider": "provider[\"registry.terraform.io/yandex-cloud/yandex\"]",
      "instances": [
        {
          "schema_version": 0,
          "attributes": {
            "folder_id": "b1g4kn2sf0lbhnjnl99p",
            "id": "b1g4kn2sf0lbhnjnl99p/storage.viewer/serviceAccount:ajeijnt7v1mhk4uup0v7",
            "member": "serviceAccount:ajeijnt7v1mhk4uup0v7",
            "role": "storage.viewer",
            "sleep_after": null,
            "timeouts": null
          },
          "sensitive_attributes": [],
          "private": "eyJlMmJmYjczMC1lY2FhLTExZTYtOGY4OC0zNDM2M2JjN2M0YzAiOnsiY3JlYXRlIjo2MDAwMDAwMDAwMCwiZGVmYXVsdCI6NjAwMDAwMDAwMDAsImRlbGV0ZSI6NjAwMDAwMDAwMDAsInJlYWQiOjYwMDAwMDAwMDAwLCJ1cGRhdGUiOjYwMDAwMDAwMDAwfX0=",
          "dependencies": [
            "yandex_iam_service_account.sa"
          ]
        }
      ]
    }
  ],
  "check_results": null
}
